
Microsoft Visual Studio Solution File, Format Version 12.00
# Visual Studio 15
VisualStudioVersion = 15.0.26403.3
MinimumVisualStudioVersion = 10.0.40219.1
Project("{FAE04EC0-301F-11D3-BF4B-00C04F79EFBC}") = "PlayTube.Android", "PlayTube\PlayTube.Android\PlayTube.Android.csproj", "{5FBC555F-ED4D-4E1D-8CCA-7206C91D4314}"
EndProject
Project("{FAE04EC0-301F-11D3-BF4B-00C04F79EFBC}") = "PlayTube", "PlayTube\PlayTube\PlayTube.csproj", "{AA4329A1-A7DE-4376-B34C-719971B2B5BD}"
EndProject
Project("{FAE04EC0-301F-11D3-BF4B-00C04F79EFBC}") = "PlayTube.UWP", "PlayTube\PlayTube.UWP\PlayTube.UWP.csproj", "{EC7F30A2-433C-4958-91B1-49379DC39A5E}"
EndProject
Project("{FAE04EC0-301F-11D3-BF4B-00C04F79EFBC}") = "PlayTube.iOS", "PlayTube\PlayTube.iOS\PlayTube.iOS.csproj", "{8F94669D-B82C-440A-8850-BB4006F6FA96}"
EndProject
Global
	GlobalSection(SolutionConfigurationPlatforms) = preSolution
		Ad-Hoc|Any CPU = Ad-Hoc|Any CPU
		Ad-Hoc|ARM = Ad-Hoc|ARM
		Ad-Hoc|iPhone = Ad-Hoc|iPhone
		Ad-Hoc|iPhoneSimulator = Ad-Hoc|iPhoneSimulator
		Ad-Hoc|x64 = Ad-Hoc|x64
		Ad-Hoc|x86 = Ad-Hoc|x86
		AppStore|Any CPU = AppStore|Any CPU
		AppStore|ARM = AppStore|ARM
		AppStore|iPhone = AppStore|iPhone
		AppStore|iPhoneSimulator = AppStore|iPhoneSimulator
		AppStore|x64 = AppStore|x64
		AppStore|x86 = AppStore|x86
		Debug|Any CPU = Debug|Any CPU
		Debug|ARM = Debug|ARM
		Debug|iPhone = Debug|iPhone
		Debug|iPhoneSimulator = Debug|iPhoneSimulator
		Debug|x64 = Debug|x64
		Debug|x86 = Debug|x86
		Release|Any CPU = Release|Any CPU
		Release|ARM = Release|ARM
		Release|iPhone = Release|iPhone
		Release|iPhoneSimulator = Release|iPhoneSimulator
		Release|x64 = Release|x64
		Release|x86 = Release|x86
	EndGlobalSection
	GlobalSection(ProjectConfigurationPlatforms) = postSolution
		{5FBC555F-ED4D-4E1D-8CCA-7206C91D4314}.Ad-Hoc|Any CPU.ActiveCfg = Release|Any CPU
		{5FBC555F-ED4D-4E1D-8CCA-7206C91D4314}.Ad-Hoc|Any CPU.Build.0 = Release|Any CPU
		{5FBC555F-ED4D-4E1D-8CCA-7206C91D4314}.Ad-Hoc|Any CPU.Deploy.0 = Release|Any CPU
		{5FBC555F-ED4D-4E1D-8CCA-7206C91D4314}.Ad-Hoc|ARM.ActiveCfg = Release|Any CPU
		{5FBC555F-ED4D-4E1D-8CCA-7206C91D4314}.Ad-Hoc|ARM.Build.0 = Release|Any CPU
		{5FBC555F-ED4D-4E1D-8CCA-7206C91D4314}.Ad-Hoc|ARM.Deploy.0 = Release|Any CPU
		{5FBC555F-ED4D-4E1D-8CCA-7206C91D4314}.Ad-Hoc|iPhone.ActiveCfg = Release|Any CPU
		{5FBC555F-ED4D-4E1D-8CCA-7206C91D4314}.Ad-Hoc|iPhone.Build.0 = Release|Any CPU
		{5FBC555F-ED4D-4E1D-8CCA-7206C91D4314}.Ad-Hoc|iPhone.Deploy.0 = Release|Any CPU
		{5FBC555F-ED4D-4E1D-8CCA-7206C91D4314}.Ad-Hoc|iPhoneSimulator.ActiveCfg = Release|Any CPU
		{5FBC555F-ED4D-4E1D-8CCA-7206C91D4314}.Ad-Hoc|iPhoneSimulator.Build.0 = Release|Any CPU
		{5FBC555F-ED4D-4E1D-8CCA-7206C91D4314}.Ad-Hoc|iPhoneSimulator.Deploy.0 = Release|Any CPU
		{5FBC555F-ED4D-4E1D-8CCA-7206C91D4314}.Ad-Hoc|x64.ActiveCfg = Release|Any CPU
		{5FBC555F-ED4D-4E1D-8CCA-7206C91D4314}.Ad-Hoc|x64.Build.0 = Release|Any CPU
		{5FBC555F-ED4D-4E1D-8CCA-7206C91D4314}.Ad-Hoc|x64.Deploy.0 = Release|Any CPU
		{5FBC555F-ED4D-4E1D-8CCA-7206C91D4314}.Ad-Hoc|x86.ActiveCfg = Release|Any CPU
		{5FBC555F-ED4D-4E1D-8CCA-7206C91D4314}.Ad-Hoc|x86.Build.0 = Release|Any CPU
		{5FBC555F-ED4D-4E1D-8CCA-7206C91D4314}.Ad-Hoc|x86.Deploy.0 = Release|Any CPU
		{5FBC555F-ED4D-4E1D-8CCA-7206C91D4314}.AppStore|Any CPU.ActiveCfg = Release|Any CPU
		{5FBC555F-ED4D-4E1D-8CCA-7206C91D4314}.AppStore|Any CPU.Build.0 = Release|Any CPU
		{5FBC555F-ED4D-4E1D-8CCA-7206C91D4314}.AppStore|Any CPU.Deploy.0 = Release|Any CPU
		{5FBC555F-ED4D-4E1D-8CCA-7206C91D4314}.AppStore|ARM.ActiveCfg = Release|Any CPU
		{5FBC555F-ED4D-4E1D-8CCA-7206C91D4314}.AppStore|ARM.Build.0 = Release|Any CPU
		{5FBC555F-ED4D-4E1D-8CCA-7206C91D4314}.AppStore|ARM.Deploy.0 = Release|Any CPU
		{5FBC555F-ED4D-4E1D-8CCA-7206C91D4314}.AppStore|iPhone.ActiveCfg = Release|Any CPU
		{5FBC555F-ED4D-4E1D-8CCA-7206C91D4314}.AppStore|iPhone.Build.0 = Release|Any CPU
		{5FBC555F-ED4D-4E1D-8CCA-7206C91D4314}.AppStore|iPhone.Deploy.0 = Release|Any CPU
		{5FBC555F-ED4D-4E1D-8CCA-7206C91D4314}.AppStore|iPhoneSimulator.ActiveCfg = Release|Any CPU
		{5FBC555F-ED4D-4E1D-8CCA-7206C91D4314}.AppStore|iPhoneSimulator.Build.0 = Release|Any CPU
		{5FBC555F-ED4D-4E1D-8CCA-7206C91D4314}.AppStore|iPhoneSimulator.Deploy.0 = Release|Any CPU
		{5FBC555F-ED4D-4E1D-8CCA-7206C91D4314}.AppStore|x64.ActiveCfg = Release|Any CPU
		{5FBC555F-ED4D-4E1D-8CCA-7206C91D4314}.AppStore|x64.Build.0 = Release|Any CPU
		{5FBC555F-ED4D-4E1D-8CCA-7206C91D4314}.AppStore|x64.Deploy.0 = Release|Any CPU
		{5FBC555F-ED4D-4E1D-8CCA-7206C91D4314}.AppStore|x86.ActiveCfg = Release|Any CPU
		{5FBC555F-ED4D-4E1D-8CCA-7206C91D4314}.AppStore|x86.Build.0 = Release|Any CPU
		{5FBC555F-ED4D-4E1D-8CCA-7206C91D4314}.AppStore|x86.Deploy.0 = Release|Any CPU
		{5FBC555F-ED4D-4E1D-8CCA-7206C91D4314}.Debug|Any CPU.ActiveCfg = Debug|Any CPU
		{5FBC555F-ED4D-4E1D-8CCA-7206C91D4314}.Debug|Any CPU.Build.0 = Debug|Any CPU
		{5FBC555F-ED4D-4E1D-8CCA-7206C91D4314}.Debug|Any CPU.Deploy.0 = Debug|Any CPU
		{5FBC555F-ED4D-4E1D-8CCA-7206C91D4314}.Debug|ARM.ActiveCfg = Debug|Any CPU
		{5FBC555F-ED4D-4E1D-8CCA-7206C91D4314}.Debug|ARM.Build.0 = Debug|Any CPU
		{5FBC555F-ED4D-4E1D-8CCA-7206C91D4314}.Debug|ARM.Deploy.0 = Debug|Any CPU
		{5FBC555F-ED4D-4E1D-8CCA-7206C91D4314}.Debug|iPhone.ActiveCfg = Debug|Any CPU
		{5FBC555F-ED4D-4E1D-8CCA-7206C91D4314}.Debug|iPhone.Build.0 = Debug|Any CPU
		{5FBC555F-ED4D-4E1D-8CCA-7206C91D4314}.Debug|iPhone.Deploy.0 = Debug|Any CPU
		{5FBC555F-ED4D-4E1D-8CCA-7206C91D4314}.Debug|iPhoneSimulator.ActiveCfg = Debug|Any CPU
		{5FBC555F-ED4D-4E1D-8CCA-7206C91D4314}.Debug|iPhoneSimulator.Build.0 = Debug|Any CPU
		{5FBC555F-ED4D-4E1D-8CCA-7206C91D4314}.Debug|iPhoneSimulator.Deploy.0 = Debug|Any CPU
		{5FBC555F-ED4D-4E1D-8CCA-7206C91D4314}.Debug|x64.ActiveCfg = Debug|Any CPU
		{5FBC555F-ED4D-4E1D-8CCA-7206C91D4314}.Debug|x64.Build.0 = Debug|Any CPU
		{5FBC555F-ED4D-4E1D-8CCA-7206C91D4314}.Debug|x64.Deploy.0 = Debug|Any CPU
		{5FBC555F-ED4D-4E1D-8CCA-7206C91D4314}.Debug|x86.ActiveCfg = Debug|Any CPU
		{5FBC555F-ED4D-4E1D-8CCA-7206C91D4314}.Debug|x86.Build.0 = Debug|Any CPU
		{5FBC555F-ED4D-4E1D-8CCA-7206C91D4314}.Debug|x86.Deploy.0 = Debug|Any CPU
		{5FBC555F-ED4D-4E1D-8CCA-7206C91D4314}.Release|Any CPU.ActiveCfg = Release|Any CPU
		{5FBC555F-ED4D-4E1D-8CCA-7206C91D4314}.Release|Any CPU.Build.0 = Release|Any CPU
		{5FBC555F-ED4D-4E1D-8CCA-7206C91D4314}.Release|Any CPU.Deploy.0 = Release|Any CPU
		{5FBC555F-ED4D-4E1D-8CCA-7206C91D4314}.Release|ARM.ActiveCfg = Release|Any CPU
		{5FBC555F-ED4D-4E1D-8CCA-7206C91D4314}.Release|ARM.Build.0 = Release|Any CPU
		{5FBC555F-ED4D-4E1D-8CCA-7206C91D4314}.Release|ARM.Deploy.0 = Release|Any CPU
		{5FBC555F-ED4D-4E1D-8CCA-7206C91D4314}.Release|iPhone.ActiveCfg = Release|Any CPU
		{5FBC555F-ED4D-4E1D-8CCA-7206C91D4314}.Release|iPhone.Build.0 = Release|Any CPU
		{5FBC555F-ED4D-4E1D-8CCA-7206C91D4314}.Release|iPhone.Deploy.0 = Release|Any CPU
		{5FBC555F-ED4D-4E1D-8CCA-7206C91D4314}.Release|iPhoneSimulator.ActiveCfg = Release|Any CPU
		{5FBC555F-ED4D-4E1D-8CCA-7206C91D4314}.Release|iPhoneSimulator.Build.0 = Release|Any CPU
		{5FBC555F-ED4D-4E1D-8CCA-7206C91D4314}.Release|iPhoneSimulator.Deploy.0 = Release|Any CPU
		{5FBC555F-ED4D-4E1D-8CCA-7206C91D4314}.Release|x64.ActiveCfg = Release|Any CPU
		{5FBC555F-ED4D-4E1D-8CCA-7206C91D4314}.Release|x64.Build.0 = Release|Any CPU
		{5FBC555F-ED4D-4E1D-8CCA-7206C91D4314}.Release|x64.Deploy.0 = Release|Any CPU
		{5FBC555F-ED4D-4E1D-8CCA-7206C91D4314}.Release|x86.ActiveCfg = Release|Any CPU
		{5FBC555F-ED4D-4E1D-8CCA-7206C91D4314}.Release|x86.Build.0 = Release|Any CPU
		{5FBC555F-ED4D-4E1D-8CCA-7206C91D4314}.Release|x86.Deploy.0 = Release|Any CPU
		{AA4329A1-A7DE-4376-B34C-719971B2B5BD}.Ad-Hoc|Any CPU.ActiveCfg = Release|Any CPU
		{AA4329A1-A7DE-4376-B34C-719971B2B5BD}.Ad-Hoc|Any CPU.Build.0 = Release|Any CPU
		{AA4329A1-A7DE-4376-B34C-719971B2B5BD}.Ad-Hoc|ARM.ActiveCfg = Release|Any CPU
		{AA4329A1-A7DE-4376-B34C-719971B2B5BD}.Ad-Hoc|ARM.Build.0 = Release|Any CPU
		{AA4329A1-A7DE-4376-B34C-719971B2B5BD}.Ad-Hoc|iPhone.ActiveCfg = Release|Any CPU
		{AA4329A1-A7DE-4376-B34C-719971B2B5BD}.Ad-Hoc|iPhone.Build.0 = Release|Any CPU
		{AA4329A1-A7DE-4376-B34C-719971B2B5BD}.Ad-Hoc|iPhoneSimulator.ActiveCfg = Release|Any CPU
		{AA4329A1-A7DE-4376-B34C-719971B2B5BD}.Ad-Hoc|iPhoneSimulator.Build.0 = Release|Any CPU
		{AA4329A1-A7DE-4376-B34C-719971B2B5BD}.Ad-Hoc|x64.ActiveCfg = Release|Any CPU
		{AA4329A1-A7DE-4376-B34C-719971B2B5BD}.Ad-Hoc|x64.Build.0 = Release|Any CPU
		{AA4329A1-A7DE-4376-B34C-719971B2B5BD}.Ad-Hoc|x86.ActiveCfg = Release|Any CPU
		{AA4329A1-A7DE-4376-B34C-719971B2B5BD}.Ad-Hoc|x86.Build.0 = Release|Any CPU
		{AA4329A1-A7DE-4376-B34C-719971B2B5BD}.AppStore|Any CPU.ActiveCfg = Release|Any CPU
		{AA4329A1-A7DE-4376-B34C-719971B2B5BD}.AppStore|Any CPU.Build.0 = Release|Any CPU
		{AA4329A1-A7DE-4376-B34C-719971B2B5BD}.AppStore|ARM.ActiveCfg = Release|Any CPU
		{AA4329A1-A7DE-4376-B34C-719971B2B5BD}.AppStore|ARM.Build.0 = Release|Any CPU
		{AA4329A1-A7DE-4376-B34C-719971B2B5BD}.AppStore|iPhone.ActiveCfg = Release|Any CPU
		{AA4329A1-A7DE-4376-B34C-719971B2B5BD}.AppStore|iPhone.Build.0 = Release|Any CPU
		{AA4329A1-A7DE-4376-B34C-719971B2B5BD}.AppStore|iPhoneSimulator.ActiveCfg = Release|Any CPU
		{AA4329A1-A7DE-4376-B34C-719971B2B5BD}.AppStore|iPhoneSimulator.Build.0 = Release|Any CPU
		{AA4329A1-A7DE-4376-B34C-719971B2B5BD}.AppStore|x64.ActiveCfg = Release|Any CPU
		{AA4329A1-A7DE-4376-B34C-719971B2B5BD}.AppStore|x64.Build.0 = Release|Any CPU
		{AA4329A1-A7DE-4376-B34C-719971B2B5BD}.AppStore|x86.ActiveCfg = Release|Any CPU
		{AA4329A1-A7DE-4376-B34C-719971B2B5BD}.AppStore|x86.Build.0 = Release|Any CPU
		{AA4329A1-A7DE-4376-B34C-719971B2B5BD}.Debug|Any CPU.ActiveCfg = Debug|Any CPU
		{AA4329A1-A7DE-4376-B34C-719971B2B5BD}.Debug|Any CPU.Build.0 = Debug|Any CPU
		{AA4329A1-A7DE-4376-B34C-719971B2B5BD}.Debug|ARM.ActiveCfg = Debug|Any CPU
		{AA4329A1-A7DE-4376-B34C-719971B2B5BD}.Debug|ARM.Build.0 = Debug|Any CPU
		{AA4329A1-A7DE-4376-B34C-719971B2B5BD}.Debug|iPhone.ActiveCfg = Debug|Any CPU
		{AA4329A1-A7DE-4376-B34C-719971B2B5BD}.Debug|iPhone.Build.0 = Debug|Any CPU
		{AA4329A1-A7DE-4376-B34C-719971B2B5BD}.Debug|iPhoneSimulator.ActiveCfg = Debug|Any CPU
		{AA4329A1-A7DE-4376-B34C-719971B2B5BD}.Debug|iPhoneSimulator.Build.0 = Debug|Any CPU
		{AA4329A1-A7DE-4376-B34C-719971B2B5BD}.Debug|x64.ActiveCfg = Debug|Any CPU
		{AA4329A1-A7DE-4376-B34C-719971B2B5BD}.Debug|x64.Build.0 = Debug|Any CPU
		{AA4329A1-A7DE-4376-B34C-719971B2B5BD}.Debug|x86.ActiveCfg = Debug|Any CPU
		{AA4329A1-A7DE-4376-B34C-719971B2B5BD}.Debug|x86.Build.0 = Debug|Any CPU
		{AA4329A1-A7DE-4376-B34C-719971B2B5BD}.Release|Any CPU.ActiveCfg = Release|Any CPU
		{AA4329A1-A7DE-4376-B34C-719971B2B5BD}.Release|Any CPU.Build.0 = Release|Any CPU
		{AA4329A1-A7DE-4376-B34C-719971B2B5BD}.Release|ARM.ActiveCfg = Release|Any CPU
		{AA4329A1-A7DE-4376-B34C-719971B2B5BD}.Release|ARM.Build.0 = Release|Any CPU
		{AA4329A1-A7DE-4376-B34C-719971B2B5BD}.Release|iPhone.ActiveCfg = Release|Any CPU
		{AA4329A1-A7DE-4376-B34C-719971B2B5BD}.Release|iPhone.Build.0 = Release|Any CPU
		{AA4329A1-A7DE-4376-B34C-719971B2B5BD}.Release|iPhoneSimulator.ActiveCfg = Release|Any CPU
		{AA4329A1-A7DE-4376-B34C-719971B2B5BD}.Release|iPhoneSimulator.Build.0 = Release|Any CPU
		{AA4329A1-A7DE-4376-B34C-719971B2B5BD}.Release|x64.ActiveCfg = Release|Any CPU
		{AA4329A1-A7DE-4376-B34C-719971B2B5BD}.Release|x64.Build.0 = Release|Any CPU
		{AA4329A1-A7DE-4376-B34C-719971B2B5BD}.Release|x86.ActiveCfg = Release|Any CPU
		{AA4329A1-A7DE-4376-B34C-719971B2B5BD}.Release|x86.Build.0 = Release|Any CPU
		{EC7F30A2-433C-4958-91B1-49379DC39A5E}.Ad-Hoc|Any CPU.ActiveCfg = Release|x86
		{EC7F30A2-433C-4958-91B1-49379DC39A5E}.Ad-Hoc|Any CPU.Build.0 = Release|x86
		{EC7F30A2-433C-4958-91B1-49379DC39A5E}.Ad-Hoc|Any CPU.Deploy.0 = Release|x86
		{EC7F30A2-433C-4958-91B1-49379DC39A5E}.Ad-Hoc|ARM.ActiveCfg = Release|ARM
		{EC7F30A2-433C-4958-91B1-49379DC39A5E}.Ad-Hoc|ARM.Build.0 = Release|ARM
		{EC7F30A2-433C-4958-91B1-49379DC39A5E}.Ad-Hoc|ARM.Deploy.0 = Release|ARM
		{EC7F30A2-433C-4958-91B1-49379DC39A5E}.Ad-Hoc|iPhone.ActiveCfg = Release|x86
		{EC7F30A2-433C-4958-91B1-49379DC39A5E}.Ad-Hoc|iPhone.Build.0 = Release|x86
		{EC7F30A2-433C-4958-91B1-49379DC39A5E}.Ad-Hoc|iPhone.Deploy.0 = Release|x86
		{EC7F30A2-433C-4958-91B1-49379DC39A5E}.Ad-Hoc|iPhoneSimulator.ActiveCfg = Release|x86
		{EC7F30A2-433C-4958-91B1-49379DC39A5E}.Ad-Hoc|iPhoneSimulator.Build.0 = Release|x86
		{EC7F30A2-433C-4958-91B1-49379DC39A5E}.Ad-Hoc|iPhoneSimulator.Deploy.0 = Release|x86
		{EC7F30A2-433C-4958-91B1-49379DC39A5E}.Ad-Hoc|x64.ActiveCfg = Release|x64
		{EC7F30A2-433C-4958-91B1-49379DC39A5E}.Ad-Hoc|x64.Build.0 = Release|x64
		{EC7F30A2-433C-4958-91B1-49379DC39A5E}.Ad-Hoc|x64.Deploy.0 = Release|x64
		{EC7F30A2-433C-4958-91B1-49379DC39A5E}.Ad-Hoc|x86.ActiveCfg = Release|x86
		{EC7F30A2-433C-4958-91B1-49379DC39A5E}.Ad-Hoc|x86.Build.0 = Release|x86
		{EC7F30A2-433C-4958-91B1-49379DC39A5E}.Ad-Hoc|x86.Deploy.0 = Release|x86
		{EC7F30A2-433C-4958-91B1-49379DC39A5E}.AppStore|Any CPU.ActiveCfg = Release|x86
		{EC7F30A2-433C-4958-91B1-49379DC39A5E}.AppStore|Any CPU.Build.0 = Release|x86
		{EC7F30A2-433C-4958-91B1-49379DC39A5E}.AppStore|Any CPU.Deploy.0 = Release|x86
		{EC7F30A2-433C-4958-91B1-49379DC39A5E}.AppStore|ARM.ActiveCfg = Release|ARM
		{EC7F30A2-433C-4958-91B1-49379DC39A5E}.AppStore|ARM.Build.0 = Release|ARM
		{EC7F30A2-433C-4958-91B1-49379DC39A5E}.AppStore|ARM.Deploy.0 = Release|ARM
		{EC7F30A2-433C-4958-91B1-49379DC39A5E}.AppStore|iPhone.ActiveCfg = Release|x86
		{EC7F30A2-433C-4958-91B1-49379DC39A5E}.AppStore|iPhone.Build.0 = Release|x86
		{EC7F30A2-433C-4958-91B1-49379DC39A5E}.AppStore|iPhone.Deploy.0 = Release|x86
		{EC7F30A2-433C-4958-91B1-49379DC39A5E}.AppStore|iPhoneSimulator.ActiveCfg = Release|x86
		{EC7F30A2-433C-4958-91B1-49379DC39A5E}.AppStore|iPhoneSimulator.Build.0 = Release|x86
		{EC7F30A2-433C-4958-91B1-49379DC39A5E}.AppStore|iPhoneSimulator.Deploy.0 = Release|x86
		{EC7F30A2-433C-4958-91B1-49379DC39A5E}.AppStore|x64.ActiveCfg = Release|x64
		{EC7F30A2-433C-4958-91B1-49379DC39A5E}.AppStore|x64.Build.0 = Release|x64
		{EC7F30A2-433C-4958-91B1-49379DC39A5E}.AppStore|x64.Deploy.0 = Release|x64
		{EC7F30A2-433C-4958-91B1-49379DC39A5E}.AppStore|x86.ActiveCfg = Release|x86
		{EC7F30A2-433C-4958-91B1-49379DC39A5E}.AppStore|x86.Build.0 = Release|x86
		{EC7F30A2-433C-4958-91B1-49379DC39A5E}.AppStore|x86.Deploy.0 = Release|x86
		{EC7F30A2-433C-4958-91B1-49379DC39A5E}.Debug|Any CPU.ActiveCfg = Debug|x86
		{EC7F30A2-433C-4958-91B1-49379DC39A5E}.Debug|ARM.ActiveCfg = Debug|ARM
		{EC7F30A2-433C-4958-91B1-49379DC39A5E}.Debug|ARM.Build.0 = Debug|ARM
		{EC7F30A2-433C-4958-91B1-49379DC39A5E}.Debug|ARM.Deploy.0 = Debug|ARM
		{EC7F30A2-433C-4958-91B1-49379DC39A5E}.Debug|iPhone.ActiveCfg = Debug|x86
		{EC7F30A2-433C-4958-91B1-49379DC39A5E}.Debug|iPhoneSimulator.ActiveCfg = Debug|x86
		{EC7F30A2-433C-4958-91B1-49379DC39A5E}.Debug|x64.ActiveCfg = Debug|x64
		{EC7F30A2-433C-4958-91B1-49379DC39A5E}.Debug|x64.Build.0 = Debug|x64
		{EC7F30A2-433C-4958-91B1-49379DC39A5E}.Debug|x64.Deploy.0 = Debug|x64
		{EC7F30A2-433C-4958-91B1-49379DC39A5E}.Debug|x86.ActiveCfg = Debug|x86
		{EC7F30A2-433C-4958-91B1-49379DC39A5E}.Debug|x86.Build.0 = Debug|x86
		{EC7F30A2-433C-4958-91B1-49379DC39A5E}.Debug|x86.Deploy.0 = Debug|x86
		{EC7F30A2-433C-4958-91B1-49379DC39A5E}.Release|Any CPU.ActiveCfg = Release|x86
		{EC7F30A2-433C-4958-91B1-49379DC39A5E}.Release|ARM.ActiveCfg = Release|ARM
		{EC7F30A2-433C-4958-91B1-49379DC39A5E}.Release|ARM.Build.0 = Release|ARM
		{EC7F30A2-433C-4958-91B1-49379DC39A5E}.Release|ARM.Deploy.0 = Release|ARM
		{EC7F30A2-433C-4958-91B1-49379DC39A5E}.Release|iPhone.ActiveCfg = Release|x86
		{EC7F30A2-433C-4958-91B1-49379DC39A5E}.Release|iPhoneSimulator.ActiveCfg = Release|x86
		{EC7F30A2-433C-4958-91B1-49379DC39A5E}.Release|x64.ActiveCfg = Release|x64
		{EC7F30A2-433C-4958-91B1-49379DC39A5E}.Release|x64.Build.0 = Release|x64
		{EC7F30A2-433C-4958-91B1-49379DC39A5E}.Release|x64.Deploy.0 = Release|x64
		{EC7F30A2-433C-4958-91B1-49379DC39A5E}.Release|x86.ActiveCfg = Release|x86
		{EC7F30A2-433C-4958-91B1-49379DC39A5E}.Release|x86.Build.0 = Release|x86
		{EC7F30A2-433C-4958-91B1-49379DC39A5E}.Release|x86.Deploy.0 = Release|x86
		{8F94669D-B82C-440A-8850-BB4006F6FA96}.Ad-Hoc|Any CPU.ActiveCfg = Ad-Hoc|iPhone
		{8F94669D-B82C-440A-8850-BB4006F6FA96}.Ad-Hoc|ARM.ActiveCfg = Ad-Hoc|iPhone
		{8F94669D-B82C-440A-8850-BB4006F6FA96}.Ad-Hoc|iPhone.ActiveCfg = Ad-Hoc|iPhone
		{8F94669D-B82C-440A-8850-BB4006F6FA96}.Ad-Hoc|iPhone.Build.0 = Ad-Hoc|iPhone
		{8F94669D-B82C-440A-8850-BB4006F6FA96}.Ad-Hoc|iPhoneSimulator.ActiveCfg = Ad-Hoc|iPhoneSimulator
		{8F94669D-B82C-440A-8850-BB4006F6FA96}.Ad-Hoc|iPhoneSimulator.Build.0 = Ad-Hoc|iPhoneSimulator
		{8F94669D-B82C-440A-8850-BB4006F6FA96}.Ad-Hoc|x64.ActiveCfg = Ad-Hoc|iPhone
		{8F94669D-B82C-440A-8850-BB4006F6FA96}.Ad-Hoc|x86.ActiveCfg = Ad-Hoc|iPhone
		{8F94669D-B82C-440A-8850-BB4006F6FA96}.AppStore|Any CPU.ActiveCfg = AppStore|iPhone
		{8F94669D-B82C-440A-8850-BB4006F6FA96}.AppStore|ARM.ActiveCfg = AppStore|iPhone
		{8F94669D-B82C-440A-8850-BB4006F6FA96}.AppStore|iPhone.ActiveCfg = AppStore|iPhone
		{8F94669D-B82C-440A-8850-BB4006F6FA96}.AppStore|iPhone.Build.0 = AppStore|iPhone
		{8F94669D-B82C-440A-8850-BB4006F6FA96}.AppStore|iPhoneSimulator.ActiveCfg = AppStore|iPhoneSimulator
		{8F94669D-B82C-440A-8850-BB4006F6FA96}.AppStore|iPhoneSimulator.Build.0 = AppStore|iPhoneSimulator
		{8F94669D-B82C-440A-8850-BB4006F6FA96}.AppStore|x64.ActiveCfg = AppStore|iPhone
		{8F94669D-B82C-440A-8850-BB4006F6FA96}.AppStore|x86.ActiveCfg = AppStore|iPhone
		{8F94669D-B82C-440A-8850-BB4006F6FA96}.Debug|Any CPU.ActiveCfg = Debug|iPhone
		{8F94669D-B82C-440A-8850-BB4006F6FA96}.Debug|ARM.ActiveCfg = Debug|iPhone
		{8F94669D-B82C-440A-8850-BB4006F6FA96}.Debug|iPhone.ActiveCfg = Debug|iPhone
		{8F94669D-B82C-440A-8850-BB4006F6FA96}.Debug|iPhone.Build.0 = Debug|iPhone
		{8F94669D-B82C-440A-8850-BB4006F6FA96}.Debug|iPhoneSimulator.ActiveCfg = Debug|iPhoneSimulator
		{8F94669D-B82C-440A-8850-BB4006F6FA96}.Debug|iPhoneSimulator.Build.0 = Debug|iPhoneSimulator
		{8F94669D-B82C-440A-8850-BB4006F6FA96}.Debug|x64.ActiveCfg = Debug|iPhone
		{8F94669D-B82C-440A-8850-BB4006F6FA96}.Debug|x86.ActiveCfg = Debug|iPhone
		{8F94669D-B82C-440A-8850-BB4006F6FA96}.Release|Any CPU.ActiveCfg = Release|iPhone
		{8F94669D-B82C-440A-8850-BB4006F6FA96}.Release|ARM.ActiveCfg = Release|iPhone
		{8F94669D-B82C-440A-8850-BB4006F6FA96}.Release|iPhone.ActiveCfg = Release|iPhone
		{8F94669D-B82C-440A-8850-BB4006F6FA96}.Release|iPhone.Build.0 = Release|iPhone
		{8F94669D-B82C-440A-8850-BB4006F6FA96}.Release|iPhoneSimulator.ActiveCfg = Release|iPhoneSimulator
		{8F94669D-B82C-440A-8850-BB4006F6FA96}.Release|iPhoneSimulator.Build.0 = Release|iPhoneSimulator
		{8F94669D-B82C-440A-8850-BB4006F6FA96}.Release|x64.ActiveCfg = Release|iPhone
		{8F94669D-B82C-440A-8850-BB4006F6FA96}.Release|x86.ActiveCfg = Release|iPhone
	EndGlobalSection
	GlobalSection(SolutionProperties) = preSolution
		HideSolutionNode = FALSE
	EndGlobalSection
EndGlobal
